
Microsoft Visual Studio Solution File, Format Version 12.00
# Visual Studio Version 17
VisualStudioVersion = 17.5.002.0
MinimumVisualStudioVersion = 10.0.40219.1
Project("{9A19103F-16F7-4668-BE54-9A1E7A4F7556}") = "Mastermind", "Mastermind.csproj", "{FCBEB097-3343-4D8A-9ABB-9B94B8BBB098}"
EndProject
Global
	GlobalSection(SolutionConfigurationPlatforms) = preSolution
		Debug|Any CPU = Debug|Any CPU
		Release|Any CPU = Release|Any CPU
	EndGlobalSection
	GlobalSection(ProjectConfigurationPlatforms) = postSolution
		{FCBEB097-3343-4D8A-9ABB-9B94B8BBB098}.Debug|Any CPU.ActiveCfg = Debug|Any CPU
		{FCBEB097-3343-4D8A-9ABB-9B94B8BBB098}.Debug|Any CPU.Build.0 = Debug|Any CPU
		{FCBEB097-3343-4D8A-9ABB-9B94B8BBB098}.Release|Any CPU.ActiveCfg = Release|Any CPU
		{FCBEB097-3343-4D8A-9ABB-9B94B8BBB098}.Release|Any CPU.Build.0 = Release|Any CPU
	EndGlobalSection
	GlobalSection(SolutionProperties) = preSolution
		HideSolutionNode = FALSE
	EndGlobalSection
	GlobalSection(ExtensibilityGlobals) = postSolution
		SolutionGuid = {D624716F-B9F0-4C13-B7F0-EB65E589BB26}
	EndGlobalSection
EndGlobal
